Microsoft Visual Studio Solution File, Format Version 12.00
# Visual Studio 15
VisualStudioVersion = 15.0.26403.0
MinimumVisualStudioVersion = 10.0.40219.1
Project("{FAE04EC0-301F-11D3-BF4B-00C04F79EFBC}") = "SqlStreamStore.Tests", "SqlStreamStore.Tests\SqlStreamStore.Tests.csproj", "{F3FB96CF-4A3D-448D-A25E-6BC66E370BF6}"
EndProject
Project("{FAE04EC0-301F-11D3-BF4B-00C04F79EFBC}") = "SqlStreamStore.MsSql", "SqlStreamStore.MsSql\SqlStreamStore.MsSql.csproj", "{40510896-D9A1-4E22-8D11-E718857611F8}"
EndProject
Project("{FAE04EC0-301F-11D3-BF4B-00C04F79EFBC}") = "SqlStreamStore.MsSql.Tests", "SqlStreamStore.MsSql.Tests\SqlStreamStore.MsSql.Tests.csproj", "{97AA016B-0B9F-44C2-8228-A13B4E251FB0}"
EndProject
Project("{2150E333-8FDC-42A3-9474-1A3956D46DE8}") = "SqlStreamStore.AcceptanceTests", "SqlStreamStore.AcceptanceTests", "{833038D7-0582-4D07-9458-8230A83CAC1F}"
	ProjectSection(SolutionItems) = preProject
		test\SqlStreamStore.AcceptanceTests\SqlStreamStoreAcceptanceTestFixture.cs = test\SqlStreamStore.AcceptanceTests\SqlStreamStoreAcceptanceTestFixture.cs
		test\SqlStreamStore.AcceptanceTests\SqlStreamStoreAcceptanceTests.AppendStream.cs = test\SqlStreamStore.AcceptanceTests\SqlStreamStoreAcceptanceTests.AppendStream.cs
		test\SqlStreamStore.AcceptanceTests\SqlStreamStoreAcceptanceTests.cs = test\SqlStreamStore.AcceptanceTests\SqlStreamStoreAcceptanceTests.cs
		test\SqlStreamStore.AcceptanceTests\SqlStreamStoreAcceptanceTests.DeleteEvent.cs = test\SqlStreamStore.AcceptanceTests\SqlStreamStoreAcceptanceTests.DeleteEvent.cs
		test\SqlStreamStore.AcceptanceTests\SqlStreamStoreAcceptanceTests.DeleteStream.cs = test\SqlStreamStore.AcceptanceTests\SqlStreamStoreAcceptanceTests.DeleteStream.cs
		test\SqlStreamStore.AcceptanceTests\SqlStreamStoreAcceptanceTests.ReadAll.cs = test\SqlStreamStore.AcceptanceTests\SqlStreamStoreAcceptanceTests.ReadAll.cs
		test\SqlStreamStore.AcceptanceTests\SqlStreamStoreAcceptanceTests.ReadHeadCheckpoint.cs = test\SqlStreamStore.AcceptanceTests\SqlStreamStoreAcceptanceTests.ReadHeadCheckpoint.cs
		test\SqlStreamStore.AcceptanceTests\SqlStreamStoreAcceptanceTests.ReadStream.cs = test\SqlStreamStore.AcceptanceTests\SqlStreamStoreAcceptanceTests.ReadStream.cs
		test\SqlStreamStore.AcceptanceTests\SqlStreamStoreAcceptanceTests.StreamMetadata.cs = test\SqlStreamStore.AcceptanceTests\SqlStreamStoreAcceptanceTests.StreamMetadata.cs
		test\SqlStreamStore.AcceptanceTests\SqlStreamStoreAcceptanceTests.Subscriptions.cs = test\SqlStreamStore.AcceptanceTests\SqlStreamStoreAcceptanceTests.Subscriptions.cs
	EndProjectSection
EndProject
Project("{FAE04EC0-301F-11D3-BF4B-00C04F79EFBC}") = "SqlStreamStore", "SqlStreamStore\SqlStreamStore.csproj", "{5A8DF1A1-9B3B-499D-B9E9-A5E0F6F06953}"
EndProject
Project("{FAE04EC0-301F-11D3-BF4B-00C04F79EFBC}") = "LoadTests", "LoadTests\LoadTests.csproj", "{E7397C6F-7837-4362-A7F7-20F255ACD48A}"
EndProject
Project("{FAE04EC0-301F-11D3-BF4B-00C04F79EFBC}") = "Example", "Example\Example.csproj", "{AA40E81A-6CF7-4FB9-AA57-A833B21BD352}"
EndProject
Project("{FAE04EC0-301F-11D3-BF4B-00C04F79EFBC}") = "SqlStreamStore.Postgres", "SqlStreamStore.Postgres\SqlStreamStore.Postgres.csproj", "{A1F83F76-B635-498B-A5F6-F832745BE1A5}"
EndProject
Project("{FAE04EC0-301F-11D3-BF4B-00C04F79EFBC}") = "SqlStreamStore.Postgres.Tests", "SqlStreamStore.Postgres.Tests\SqlStreamStore.Postgres.Tests.csproj", "{55054819-94FE-4E33-9E2A-AA8CCE12D333}"
EndProject
Project("{2150E333-8FDC-42A3-9474-1A3956D46DE8}") = "src", "src", "{19058155-88E8-471F-8106-ECDBB9E3ACDC}"
EndProject
Project("{8BB2217D-0F2D-49D1-97BC-3654ED321F3B}") = "SqlStreamStore", "src\SqlStreamStore\SqlStreamStore.xproj", "{1BE143EC-E137-4B9F-82F0-F90CF1CC7ADA}"
EndProject
Project("{2150E333-8FDC-42A3-9474-1A3956D46DE8}") = "test", "test", "{2FA0B849-995C-4046-BDD3-441267C26B7E}"
EndProject
Project("{8BB2217D-0F2D-49D1-97BC-3654ED321F3B}") = "SqlStreamStore.Tests", "test\SqlStreamStore.Tests\SqlStreamStore.Tests.xproj", "{0EEB4031-7F4E-434C-B87D-4852CEFE8221}"
EndProject
Global
	GlobalSection(SolutionConfigurationPlatforms) = preSolution
		Debug|Any CPU = Debug|Any CPU
		Release|Any CPU = Release|Any CPU
	EndGlobalSection
	GlobalSection(ProjectConfigurationPlatforms) = postSolution
		{F3FB96CF-4A3D-448D-A25E-6BC66E370BF6}.Debug|Any CPU.ActiveCfg = Debug|Any CPU
		{F3FB96CF-4A3D-448D-A25E-6BC66E370BF6}.Debug|Any CPU.Build.0 = Debug|Any CPU
		{F3FB96CF-4A3D-448D-A25E-6BC66E370BF6}.Release|Any CPU.ActiveCfg = Release|Any CPU
		{F3FB96CF-4A3D-448D-A25E-6BC66E370BF6}.Release|Any CPU.Build.0 = Release|Any CPU
		{40510896-D9A1-4E22-8D11-E718857611F8}.Debug|Any CPU.ActiveCfg = Debug|Any CPU
		{40510896-D9A1-4E22-8D11-E718857611F8}.Debug|Any CPU.Build.0 = Debug|Any CPU
		{40510896-D9A1-4E22-8D11-E718857611F8}.Release|Any CPU.ActiveCfg = Release|Any CPU
		{40510896-D9A1-4E22-8D11-E718857611F8}.Release|Any CPU.Build.0 = Release|Any CPU
		{97AA016B-0B9F-44C2-8228-A13B4E251FB0}.Debug|Any CPU.ActiveCfg = Debug|Any CPU
		{97AA016B-0B9F-44C2-8228-A13B4E251FB0}.Debug|Any CPU.Build.0 = Debug|Any CPU
		{97AA016B-0B9F-44C2-8228-A13B4E251FB0}.Release|Any CPU.ActiveCfg = Release|Any CPU
		{97AA016B-0B9F-44C2-8228-A13B4E251FB0}.Release|Any CPU.Build.0 = Release|Any CPU
		{5A8DF1A1-9B3B-499D-B9E9-A5E0F6F06953}.Debug|Any CPU.ActiveCfg = Debug|Any CPU
		{5A8DF1A1-9B3B-499D-B9E9-A5E0F6F06953}.Debug|Any CPU.Build.0 = Debug|Any CPU
		{5A8DF1A1-9B3B-499D-B9E9-A5E0F6F06953}.Release|Any CPU.ActiveCfg = Release|Any CPU
		{5A8DF1A1-9B3B-499D-B9E9-A5E0F6F06953}.Release|Any CPU.Build.0 = Release|Any CPU
		{E7397C6F-7837-4362-A7F7-20F255ACD48A}.Debug|Any CPU.ActiveCfg = Debug|Any CPU
		{E7397C6F-7837-4362-A7F7-20F255ACD48A}.Debug|Any CPU.Build.0 = Debug|Any CPU
		{E7397C6F-7837-4362-A7F7-20F255ACD48A}.Release|Any CPU.ActiveCfg = Release|Any CPU
		{E7397C6F-7837-4362-A7F7-20F255ACD48A}.Release|Any CPU.Build.0 = Release|Any CPU
		{AA40E81A-6CF7-4FB9-AA57-A833B21BD352}.Debug|Any CPU.ActiveCfg = Debug|Any CPU
		{AA40E81A-6CF7-4FB9-AA57-A833B21BD352}.Debug|Any CPU.Build.0 = Debug|Any CPU
		{AA40E81A-6CF7-4FB9-AA57-A833B21BD352}.Release|Any CPU.ActiveCfg = Release|Any CPU
		{AA40E81A-6CF7-4FB9-AA57-A833B21BD352}.Release|Any CPU.Build.0 = Release|Any CPU
		{A1F83F76-B635-498B-A5F6-F832745BE1A5}.Debug|Any CPU.ActiveCfg = Debug|Any CPU
		{A1F83F76-B635-498B-A5F6-F832745BE1A5}.Debug|Any CPU.Build.0 = Debug|Any CPU
		{A1F83F76-B635-498B-A5F6-F832745BE1A5}.Release|Any CPU.ActiveCfg = Release|Any CPU
		{A1F83F76-B635-498B-A5F6-F832745BE1A5}.Release|Any CPU.Build.0 = Release|Any CPU
		{55054819-94FE-4E33-9E2A-AA8CCE12D333}.Debug|Any CPU.ActiveCfg = Debug|Any CPU
		{55054819-94FE-4E33-9E2A-AA8CCE12D333}.Debug|Any CPU.Build.0 = Debug|Any CPU
		{55054819-94FE-4E33-9E2A-AA8CCE12D333}.Release|Any CPU.ActiveCfg = Release|Any CPU
		{55054819-94FE-4E33-9E2A-AA8CCE12D333}.Release|Any CPU.Build.0 = Release|Any CPU
		{1BE143EC-E137-4B9F-82F0-F90CF1CC7ADA}.Debug|Any CPU.ActiveCfg = Debug|Any CPU
		{1BE143EC-E137-4B9F-82F0-F90CF1CC7ADA}.Debug|Any CPU.Build.0 = Debug|Any CPU
		{1BE143EC-E137-4B9F-82F0-F90CF1CC7ADA}.Release|Any CPU.ActiveCfg = Release|Any CPU
		{1BE143EC-E137-4B9F-82F0-F90CF1CC7ADA}.Release|Any CPU.Build.0 = Release|Any CPU
		{0EEB4031-7F4E-434C-B87D-4852CEFE8221}.Debug|Any CPU.ActiveCfg = Debug|Any CPU
		{0EEB4031-7F4E-434C-B87D-4852CEFE8221}.Debug|Any CPU.Build.0 = Debug|Any CPU
		{0EEB4031-7F4E-434C-B87D-4852CEFE8221}.Release|Any CPU.ActiveCfg = Release|Any CPU
		{0EEB4031-7F4E-434C-B87D-4852CEFE8221}.Release|Any CPU.Build.0 = Release|Any CPU
	EndGlobalSection
	GlobalSection(SolutionProperties) = preSolution
		HideSolutionNode = FALSE
	EndGlobalSection
	GlobalSection(NestedProjects) = preSolution
		{1BE143EC-E137-4B9F-82F0-F90CF1CC7ADA} = {19058155-88E8-471F-8106-ECDBB9E3ACDC}
		{0EEB4031-7F4E-434C-B87D-4852CEFE8221} = {2FA0B849-995C-4046-BDD3-441267C26B7E}
	EndGlobalSection
EndGlobal
