
Microsoft Visual Studio Solution File, Format Version 12.00
# Visual Studio Version 17
VisualStudioVersion = 17.1.32120.378
MinimumVisualStudioVersion = 10.0.40219.1
Project("{9A19103F-16F7-4668-BE54-9A1E7A4F7556}") = "SqlStreamStore", "src\SqlStreamStore\SqlStreamStore.csproj", "{8F86833A-6686-409C-B0E4-6FBFB70F7DE1}"
EndProject
Project("{9A19103F-16F7-4668-BE54-9A1E7A4F7556}") = "SqlStreamStore.Tests", "tests\SqlStreamStore.Tests\SqlStreamStore.Tests.csproj", "{BCE11962-A65F-4913-919C-3DF87308FB8B}"
EndProject
Project("{9A19103F-16F7-4668-BE54-9A1E7A4F7556}") = "SqlStreamStore.Postgres", "src\SqlStreamStore.Postgres\SqlStreamStore.Postgres.csproj", "{8EF50767-C57B-4013-8B4E-144F849E2700}"
EndProject
Project("{9A19103F-16F7-4668-BE54-9A1E7A4F7556}") = "SqlStreamStore.Postgres.Tests", "tests\SqlStreamStore.Postgres.Tests\SqlStreamStore.Postgres.Tests.csproj", "{F8DBAB19-B8A1-4CE7-AE32-4829FAF7945D}"
EndProject
Project("{9A19103F-16F7-4668-BE54-9A1E7A4F7556}") = "LoadTests", "src\LoadTests\LoadTests.csproj", "{E5960CFD-409F-416D-9830-F288C002ABF0}"
EndProject
Project("{9A19103F-16F7-4668-BE54-9A1E7A4F7556}") = "SqlStreamStore.TestUtils", "src\SqlStreamStore.TestUtils\SqlStreamStore.TestUtils.csproj", "{22EA7D5D-824B-4C81-8DBF-7C049B90D48B}"
EndProject
Project("{9A19103F-16F7-4668-BE54-9A1E7A4F7556}") = "SqlStreamStore.SchemaCreationScriptTool", "src\SqlStreamStore.SchemaCreationScriptTool\SqlStreamStore.SchemaCreationScriptTool.csproj", "{22509EC4-3F7A-4027-8639-F068F64BD117}"
EndProject
Project("{2150E333-8FDC-42A3-9474-1A3956D46DE8}") = "Solution Items", "Solution Items", "{97B9B334-6B2A-441B-A5A1-90B806D8D80A}"
	ProjectSection(SolutionItems) = preProject
		build-local.cmd = build-local.cmd
		build.cmd = build.cmd
		build.sh = build.sh
		Dockerfile = Dockerfile
		README.md = README.md
	EndProjectSection
EndProject
Project("{2150E333-8FDC-42A3-9474-1A3956D46DE8}") = "tests", "tests", "{9B959D40-0E52-4363-AD58-CB15ED4F0601}"
	ProjectSection(SolutionItems) = preProject
		tests\Directory.Build.props = tests\Directory.Build.props
	EndProjectSection
EndProject
Project("{2150E333-8FDC-42A3-9474-1A3956D46DE8}") = "src", "src", "{845ED623-9F06-4120-B333-3C69E4400BCE}"
	ProjectSection(SolutionItems) = preProject
		src\Directory.Build.props = src\Directory.Build.props
	EndProjectSection
EndProject
Project("{9A19103F-16F7-4668-BE54-9A1E7A4F7556}") = "build", "build\build.csproj", "{5273D70A-96D7-4775-B67C-BDE48D20CA36}"
EndProject
Global
	GlobalSection(SolutionConfigurationPlatforms) = preSolution
		Debug|Any CPU = Debug|Any CPU
		Release|Any CPU = Release|Any CPU
	EndGlobalSection
	GlobalSection(ProjectConfigurationPlatforms) = postSolution
		{8F86833A-6686-409C-B0E4-6FBFB70F7DE1}.Debug|Any CPU.ActiveCfg = Debug|Any CPU
		{8F86833A-6686-409C-B0E4-6FBFB70F7DE1}.Debug|Any CPU.Build.0 = Debug|Any CPU
		{8F86833A-6686-409C-B0E4-6FBFB70F7DE1}.Release|Any CPU.ActiveCfg = Release|Any CPU
		{8F86833A-6686-409C-B0E4-6FBFB70F7DE1}.Release|Any CPU.Build.0 = Release|Any CPU
		{BCE11962-A65F-4913-919C-3DF87308FB8B}.Debug|Any CPU.ActiveCfg = Debug|Any CPU
		{BCE11962-A65F-4913-919C-3DF87308FB8B}.Debug|Any CPU.Build.0 = Debug|Any CPU
		{BCE11962-A65F-4913-919C-3DF87308FB8B}.Release|Any CPU.ActiveCfg = Release|Any CPU
		{BCE11962-A65F-4913-919C-3DF87308FB8B}.Release|Any CPU.Build.0 = Release|Any CPU
		{8EF50767-C57B-4013-8B4E-144F849E2700}.Debug|Any CPU.ActiveCfg = Debug|Any CPU
		{8EF50767-C57B-4013-8B4E-144F849E2700}.Debug|Any CPU.Build.0 = Debug|Any CPU
		{8EF50767-C57B-4013-8B4E-144F849E2700}.Release|Any CPU.ActiveCfg = Release|Any CPU
		{8EF50767-C57B-4013-8B4E-144F849E2700}.Release|Any CPU.Build.0 = Release|Any CPU
		{F8DBAB19-B8A1-4CE7-AE32-4829FAF7945D}.Debug|Any CPU.ActiveCfg = Debug|Any CPU
		{F8DBAB19-B8A1-4CE7-AE32-4829FAF7945D}.Debug|Any CPU.Build.0 = Debug|Any CPU
		{F8DBAB19-B8A1-4CE7-AE32-4829FAF7945D}.Release|Any CPU.ActiveCfg = Release|Any CPU
		{F8DBAB19-B8A1-4CE7-AE32-4829FAF7945D}.Release|Any CPU.Build.0 = Release|Any CPU
		{E5960CFD-409F-416D-9830-F288C002ABF0}.Debug|Any CPU.ActiveCfg = Debug|Any CPU
		{E5960CFD-409F-416D-9830-F288C002ABF0}.Debug|Any CPU.Build.0 = Debug|Any CPU
		{E5960CFD-409F-416D-9830-F288C002ABF0}.Release|Any CPU.ActiveCfg = Release|Any CPU
		{E5960CFD-409F-416D-9830-F288C002ABF0}.Release|Any CPU.Build.0 = Release|Any CPU
		{22EA7D5D-824B-4C81-8DBF-7C049B90D48B}.Debug|Any CPU.ActiveCfg = Debug|Any CPU
		{22EA7D5D-824B-4C81-8DBF-7C049B90D48B}.Debug|Any CPU.Build.0 = Debug|Any CPU
		{22EA7D5D-824B-4C81-8DBF-7C049B90D48B}.Release|Any CPU.ActiveCfg = Release|Any CPU
		{22EA7D5D-824B-4C81-8DBF-7C049B90D48B}.Release|Any CPU.Build.0 = Release|Any CPU
		{22509EC4-3F7A-4027-8639-F068F64BD117}.Debug|Any CPU.ActiveCfg = Debug|Any CPU
		{22509EC4-3F7A-4027-8639-F068F64BD117}.Debug|Any CPU.Build.0 = Debug|Any CPU
		{22509EC4-3F7A-4027-8639-F068F64BD117}.Release|Any CPU.ActiveCfg = Release|Any CPU
		{22509EC4-3F7A-4027-8639-F068F64BD117}.Release|Any CPU.Build.0 = Release|Any CPU
		{5273D70A-96D7-4775-B67C-BDE48D20CA36}.Debug|Any CPU.ActiveCfg = Debug|Any CPU
		{5273D70A-96D7-4775-B67C-BDE48D20CA36}.Debug|Any CPU.Build.0 = Debug|Any CPU
		{5273D70A-96D7-4775-B67C-BDE48D20CA36}.Release|Any CPU.ActiveCfg = Release|Any CPU
		{5273D70A-96D7-4775-B67C-BDE48D20CA36}.Release|Any CPU.Build.0 = Release|Any CPU
	EndGlobalSection
	GlobalSection(SolutionProperties) = preSolution
		HideSolutionNode = FALSE
	EndGlobalSection
	GlobalSection(NestedProjects) = preSolution
		{9B959D40-0E52-4363-AD58-CB15ED4F0601} = {97B9B334-6B2A-441B-A5A1-90B806D8D80A}
		{845ED623-9F06-4120-B333-3C69E4400BCE} = {97B9B334-6B2A-441B-A5A1-90B806D8D80A}
	EndGlobalSection
	GlobalSection(ExtensibilityGlobals) = postSolution
		SolutionGuid = {0BED4931-978C-4A9F-9C46-28FEF55B30C2}
	EndGlobalSection
EndGlobal
