Microsoft Visual Studio Solution File, Format Version 12.00
# Visual Studio 14
VisualStudioVersion = 14.0.25123.0
MinimumVisualStudioVersion = 10.0.40219.1
Project("{FAE04EC0-301F-11D3-BF4B-00C04F79EFBC}") = "Cedar.EventStore.Tests", "Cedar.EventStore.Tests\Cedar.EventStore.Tests.csproj", "{F3FB96CF-4A3D-448D-A25E-6BC66E370BF6}"
EndProject
Project("{FAE04EC0-301F-11D3-BF4B-00C04F79EFBC}") = "Cedar.EventStore.MsSql2008", "Cedar.EventStore.MsSql2008\Cedar.EventStore.MsSql2008.csproj", "{40510896-D9A1-4E22-8D11-E718857611F8}"
EndProject
Project("{FAE04EC0-301F-11D3-BF4B-00C04F79EFBC}") = "Cedar.EventStore.MsSql2008.Tests", "Cedar.EventStore.MsSql2008.Tests\Cedar.EventStore.MsSql2008.Tests.csproj", "{97AA016B-0B9F-44C2-8228-A13B4E251FB0}"
EndProject
Project("{2150E333-8FDC-42A3-9474-1A3956D46DE8}") = "Cedar.EventStore.AcceptanceTests", "Cedar.EventStore.AcceptanceTests", "{833038D7-0582-4D07-9458-8230A83CAC1F}"
	ProjectSection(SolutionItems) = preProject
		Cedar.EventStore.AcceptanceTests\EventStoreAcceptanceTestFixture.cs = Cedar.EventStore.AcceptanceTests\EventStoreAcceptanceTestFixture.cs
		Cedar.EventStore.AcceptanceTests\EventStoreAcceptanceTests.AppendStream.cs = Cedar.EventStore.AcceptanceTests\EventStoreAcceptanceTests.AppendStream.cs
		Cedar.EventStore.AcceptanceTests\EventStoreAcceptanceTests.cs = Cedar.EventStore.AcceptanceTests\EventStoreAcceptanceTests.cs
		Cedar.EventStore.AcceptanceTests\EventStoreAcceptanceTests.DeleteStream.cs = Cedar.EventStore.AcceptanceTests\EventStoreAcceptanceTests.DeleteStream.cs
		Cedar.EventStore.AcceptanceTests\EventStoreAcceptanceTests.ReadAll.cs = Cedar.EventStore.AcceptanceTests\EventStoreAcceptanceTests.ReadAll.cs
		Cedar.EventStore.AcceptanceTests\EventStoreAcceptanceTests.ReadHeadCheckpoint.cs = Cedar.EventStore.AcceptanceTests\EventStoreAcceptanceTests.ReadHeadCheckpoint.cs
		Cedar.EventStore.AcceptanceTests\EventStoreAcceptanceTests.ReadStream.cs = Cedar.EventStore.AcceptanceTests\EventStoreAcceptanceTests.ReadStream.cs
		Cedar.EventStore.AcceptanceTests\EventStoreAcceptanceTests.Subscriptions.cs = Cedar.EventStore.AcceptanceTests\EventStoreAcceptanceTests.Subscriptions.cs
		Cedar.EventStore.AcceptanceTests\TaskExtensions.cs = Cedar.EventStore.AcceptanceTests\TaskExtensions.cs
	EndProjectSection
EndProject
Project("{FAE04EC0-301F-11D3-BF4B-00C04F79EFBC}") = "Cedar.EventStore", "Cedar.EventStore\Cedar.EventStore.csproj", "{5A8DF1A1-9B3B-499D-B9E9-A5E0F6F06953}"
EndProject
Project("{FAE04EC0-301F-11D3-BF4B-00C04F79EFBC}") = "GetEventstoreExploratoryTests", "GetEventstoreExploratoryTests\GetEventstoreExploratoryTests.csproj", "{2E25DAFA-D0C8-4EB8-BA00-33E8CC8B6DAF}"
EndProject
Project("{FAE04EC0-301F-11D3-BF4B-00C04F79EFBC}") = "LoadTests", "LoadTests\LoadTests.csproj", "{E7397C6F-7837-4362-A7F7-20F255ACD48A}"
EndProject
Global
	GlobalSection(SolutionConfigurationPlatforms) = preSolution
		Debug|Any CPU = Debug|Any CPU
		Release|Any CPU = Release|Any CPU
	EndGlobalSection
	GlobalSection(ProjectConfigurationPlatforms) = postSolution
		{F3FB96CF-4A3D-448D-A25E-6BC66E370BF6}.Debug|Any CPU.ActiveCfg = Debug|Any CPU
		{F3FB96CF-4A3D-448D-A25E-6BC66E370BF6}.Debug|Any CPU.Build.0 = Debug|Any CPU
		{F3FB96CF-4A3D-448D-A25E-6BC66E370BF6}.Release|Any CPU.ActiveCfg = Release|Any CPU
		{F3FB96CF-4A3D-448D-A25E-6BC66E370BF6}.Release|Any CPU.Build.0 = Release|Any CPU
		{40510896-D9A1-4E22-8D11-E718857611F8}.Debug|Any CPU.ActiveCfg = Debug|Any CPU
		{40510896-D9A1-4E22-8D11-E718857611F8}.Debug|Any CPU.Build.0 = Debug|Any CPU
		{40510896-D9A1-4E22-8D11-E718857611F8}.Release|Any CPU.ActiveCfg = Release|Any CPU
		{40510896-D9A1-4E22-8D11-E718857611F8}.Release|Any CPU.Build.0 = Release|Any CPU
		{97AA016B-0B9F-44C2-8228-A13B4E251FB0}.Debug|Any CPU.ActiveCfg = Debug|Any CPU
		{97AA016B-0B9F-44C2-8228-A13B4E251FB0}.Debug|Any CPU.Build.0 = Debug|Any CPU
		{97AA016B-0B9F-44C2-8228-A13B4E251FB0}.Release|Any CPU.ActiveCfg = Release|Any CPU
		{97AA016B-0B9F-44C2-8228-A13B4E251FB0}.Release|Any CPU.Build.0 = Release|Any CPU
		{5A8DF1A1-9B3B-499D-B9E9-A5E0F6F06953}.Debug|Any CPU.ActiveCfg = Debug|Any CPU
		{5A8DF1A1-9B3B-499D-B9E9-A5E0F6F06953}.Debug|Any CPU.Build.0 = Debug|Any CPU
		{5A8DF1A1-9B3B-499D-B9E9-A5E0F6F06953}.Release|Any CPU.ActiveCfg = Release|Any CPU
		{5A8DF1A1-9B3B-499D-B9E9-A5E0F6F06953}.Release|Any CPU.Build.0 = Release|Any CPU
		{2E25DAFA-D0C8-4EB8-BA00-33E8CC8B6DAF}.Debug|Any CPU.ActiveCfg = Debug|Any CPU
		{2E25DAFA-D0C8-4EB8-BA00-33E8CC8B6DAF}.Debug|Any CPU.Build.0 = Debug|Any CPU
		{2E25DAFA-D0C8-4EB8-BA00-33E8CC8B6DAF}.Release|Any CPU.ActiveCfg = Release|Any CPU
		{2E25DAFA-D0C8-4EB8-BA00-33E8CC8B6DAF}.Release|Any CPU.Build.0 = Release|Any CPU
		{E7397C6F-7837-4362-A7F7-20F255ACD48A}.Debug|Any CPU.ActiveCfg = Debug|Any CPU
		{E7397C6F-7837-4362-A7F7-20F255ACD48A}.Debug|Any CPU.Build.0 = Debug|Any CPU
		{E7397C6F-7837-4362-A7F7-20F255ACD48A}.Release|Any CPU.ActiveCfg = Release|Any CPU
		{E7397C6F-7837-4362-A7F7-20F255ACD48A}.Release|Any CPU.Build.0 = Release|Any CPU
	EndGlobalSection
	GlobalSection(SolutionProperties) = preSolution
		HideSolutionNode = FALSE
	EndGlobalSection
EndGlobal
