Microsoft Visual Studio Solution File, Format Version 12.00
# Visual Studio 14
VisualStudioVersion = 14.0.23107.0
MinimumVisualStudioVersion = 10.0.40219.1
Project("{FAE04EC0-301F-11D3-BF4B-00C04F79EFBC}") = "Cedar.EventStore", "Cedar.EventStore\Cedar.EventStore.csproj", "{3553E8E7-2C2A-45D5-BCB1-9AC7E5A209B2}"
EndProject
Project("{FAE04EC0-301F-11D3-BF4B-00C04F79EFBC}") = "Cedar.EventStore.Tests", "Cedar.EventStore.Tests\Cedar.EventStore.Tests.csproj", "{F3FB96CF-4A3D-448D-A25E-6BC66E370BF6}"
EndProject
Project("{FAE04EC0-301F-11D3-BF4B-00C04F79EFBC}") = "Cedar.EventStore.GetEventStore.Tests", "Cedar.EventStore.GetEventStore.Tests\Cedar.EventStore.GetEventStore.Tests.csproj", "{B3FD2834-6062-46A4-BA50-8C9F00C7F716}"
EndProject
Project("{FAE04EC0-301F-11D3-BF4B-00C04F79EFBC}") = "Cedar.EventStore.GetEventStore", "Cedar.EventStore.GetEventStore\Cedar.EventStore.GetEventStore.csproj", "{1E5E90BF-6481-4EDD-B6E2-560E617B35A9}"
EndProject
Project("{FAE04EC0-301F-11D3-BF4B-00C04F79EFBC}") = "Cedar.EventStore.Sqlite", "Cedar.EventStore.Sqlite\Cedar.EventStore.Sqlite.csproj", "{B6D70596-5DD9-4B8D-AE3D-346CF980AD97}"
EndProject
Project("{FAE04EC0-301F-11D3-BF4B-00C04F79EFBC}") = "Cedar.EventStore.Sqlite.Tests", "Cedar.EventStore.Sqlite.Tests\Cedar.EventStore.Sqlite.Tests.csproj", "{ADD767B3-B24E-4F72-BCC0-433E9C0C4AC9}"
EndProject
Project("{FAE04EC0-301F-11D3-BF4B-00C04F79EFBC}") = "Cedar.EventStore.MsSql2008", "Cedar.EventStore.MsSql2008\Cedar.EventStore.MsSql2008.csproj", "{40510896-D9A1-4E22-8D11-E718857611F8}"
EndProject
Project("{FAE04EC0-301F-11D3-BF4B-00C04F79EFBC}") = "Cedar.EventStore.MsSql2008.Tests", "Cedar.EventStore.MsSql2008.Tests\Cedar.EventStore.MsSql2008.Tests.csproj", "{97AA016B-0B9F-44C2-8228-A13B4E251FB0}"
EndProject
Project("{FAE04EC0-301F-11D3-BF4B-00C04F79EFBC}") = "Cedar.EventStore.Postgres", "Cedar.EventStore.Postgres\Cedar.EventStore.Postgres.csproj", "{148C90E9-0EA1-482E-94A9-F178294EFAC2}"
EndProject
Project("{FAE04EC0-301F-11D3-BF4B-00C04F79EFBC}") = "Cedar.EventStore.Postgres.Tests", "Cedar.EventStore.Postgres.Tests\Cedar.EventStore.Postgres.Tests.csproj", "{453FB5DB-99DC-42D3-9DFE-F81EDF98F5E3}"
EndProject
Project("{2150E333-8FDC-42A3-9474-1A3956D46DE8}") = "Cedar.EventStore.AcceptanceTests", "Cedar.EventStore.AcceptanceTests", "{833038D7-0582-4D07-9458-8230A83CAC1F}"
	ProjectSection(SolutionItems) = preProject
		Cedar.EventStore.AcceptanceTests\EventStoreAcceptanceTestFixture.cs = Cedar.EventStore.AcceptanceTests\EventStoreAcceptanceTestFixture.cs
		Cedar.EventStore.AcceptanceTests\EventStoreAcceptanceTests.AppendStream.cs = Cedar.EventStore.AcceptanceTests\EventStoreAcceptanceTests.AppendStream.cs
		Cedar.EventStore.AcceptanceTests\EventStoreAcceptanceTests.cs = Cedar.EventStore.AcceptanceTests\EventStoreAcceptanceTests.cs
		Cedar.EventStore.AcceptanceTests\EventStoreAcceptanceTests.DeleteStream.cs = Cedar.EventStore.AcceptanceTests\EventStoreAcceptanceTests.DeleteStream.cs
		Cedar.EventStore.AcceptanceTests\EventStoreAcceptanceTests.ReadAll.cs = Cedar.EventStore.AcceptanceTests\EventStoreAcceptanceTests.ReadAll.cs
		Cedar.EventStore.AcceptanceTests\EventStoreAcceptanceTests.ReadPastEndOfAllStream.cs = Cedar.EventStore.AcceptanceTests\EventStoreAcceptanceTests.ReadPastEndOfAllStream.cs
		Cedar.EventStore.AcceptanceTests\EventStoreAcceptanceTests.ReadStream.cs = Cedar.EventStore.AcceptanceTests\EventStoreAcceptanceTests.ReadStream.cs
		Cedar.EventStore.AcceptanceTests\TaskExtensions.cs = Cedar.EventStore.AcceptanceTests\TaskExtensions.cs
	EndProjectSection
EndProject
Global
	GlobalSection(SolutionConfigurationPlatforms) = preSolution
		Debug|Any CPU = Debug|Any CPU
		Release|Any CPU = Release|Any CPU
	EndGlobalSection
	GlobalSection(ProjectConfigurationPlatforms) = postSolution
		{3553E8E7-2C2A-45D5-BCB1-9AC7E5A209B2}.Debug|Any CPU.ActiveCfg = Debug|Any CPU
		{3553E8E7-2C2A-45D5-BCB1-9AC7E5A209B2}.Debug|Any CPU.Build.0 = Debug|Any CPU
		{3553E8E7-2C2A-45D5-BCB1-9AC7E5A209B2}.Release|Any CPU.ActiveCfg = Release|Any CPU
		{3553E8E7-2C2A-45D5-BCB1-9AC7E5A209B2}.Release|Any CPU.Build.0 = Release|Any CPU
		{F3FB96CF-4A3D-448D-A25E-6BC66E370BF6}.Debug|Any CPU.ActiveCfg = Debug|Any CPU
		{F3FB96CF-4A3D-448D-A25E-6BC66E370BF6}.Debug|Any CPU.Build.0 = Debug|Any CPU
		{F3FB96CF-4A3D-448D-A25E-6BC66E370BF6}.Release|Any CPU.ActiveCfg = Release|Any CPU
		{F3FB96CF-4A3D-448D-A25E-6BC66E370BF6}.Release|Any CPU.Build.0 = Release|Any CPU
		{B3FD2834-6062-46A4-BA50-8C9F00C7F716}.Debug|Any CPU.ActiveCfg = Debug|Any CPU
		{B3FD2834-6062-46A4-BA50-8C9F00C7F716}.Debug|Any CPU.Build.0 = Debug|Any CPU
		{B3FD2834-6062-46A4-BA50-8C9F00C7F716}.Release|Any CPU.ActiveCfg = Release|Any CPU
		{B3FD2834-6062-46A4-BA50-8C9F00C7F716}.Release|Any CPU.Build.0 = Release|Any CPU
		{1E5E90BF-6481-4EDD-B6E2-560E617B35A9}.Debug|Any CPU.ActiveCfg = Debug|Any CPU
		{1E5E90BF-6481-4EDD-B6E2-560E617B35A9}.Debug|Any CPU.Build.0 = Debug|Any CPU
		{1E5E90BF-6481-4EDD-B6E2-560E617B35A9}.Release|Any CPU.ActiveCfg = Release|Any CPU
		{1E5E90BF-6481-4EDD-B6E2-560E617B35A9}.Release|Any CPU.Build.0 = Release|Any CPU
		{B6D70596-5DD9-4B8D-AE3D-346CF980AD97}.Debug|Any CPU.ActiveCfg = Debug|Any CPU
		{B6D70596-5DD9-4B8D-AE3D-346CF980AD97}.Debug|Any CPU.Build.0 = Debug|Any CPU
		{B6D70596-5DD9-4B8D-AE3D-346CF980AD97}.Release|Any CPU.ActiveCfg = Release|Any CPU
		{B6D70596-5DD9-4B8D-AE3D-346CF980AD97}.Release|Any CPU.Build.0 = Release|Any CPU
		{ADD767B3-B24E-4F72-BCC0-433E9C0C4AC9}.Debug|Any CPU.ActiveCfg = Debug|Any CPU
		{ADD767B3-B24E-4F72-BCC0-433E9C0C4AC9}.Debug|Any CPU.Build.0 = Debug|Any CPU
		{ADD767B3-B24E-4F72-BCC0-433E9C0C4AC9}.Release|Any CPU.ActiveCfg = Release|Any CPU
		{ADD767B3-B24E-4F72-BCC0-433E9C0C4AC9}.Release|Any CPU.Build.0 = Release|Any CPU
		{40510896-D9A1-4E22-8D11-E718857611F8}.Debug|Any CPU.ActiveCfg = Debug|Any CPU
		{40510896-D9A1-4E22-8D11-E718857611F8}.Debug|Any CPU.Build.0 = Debug|Any CPU
		{40510896-D9A1-4E22-8D11-E718857611F8}.Release|Any CPU.ActiveCfg = Release|Any CPU
		{40510896-D9A1-4E22-8D11-E718857611F8}.Release|Any CPU.Build.0 = Release|Any CPU
		{97AA016B-0B9F-44C2-8228-A13B4E251FB0}.Debug|Any CPU.ActiveCfg = Debug|Any CPU
		{97AA016B-0B9F-44C2-8228-A13B4E251FB0}.Debug|Any CPU.Build.0 = Debug|Any CPU
		{97AA016B-0B9F-44C2-8228-A13B4E251FB0}.Release|Any CPU.ActiveCfg = Release|Any CPU
		{97AA016B-0B9F-44C2-8228-A13B4E251FB0}.Release|Any CPU.Build.0 = Release|Any CPU
		{148C90E9-0EA1-482E-94A9-F178294EFAC2}.Debug|Any CPU.ActiveCfg = Debug|Any CPU
		{148C90E9-0EA1-482E-94A9-F178294EFAC2}.Debug|Any CPU.Build.0 = Debug|Any CPU
		{148C90E9-0EA1-482E-94A9-F178294EFAC2}.Release|Any CPU.ActiveCfg = Release|Any CPU
		{148C90E9-0EA1-482E-94A9-F178294EFAC2}.Release|Any CPU.Build.0 = Release|Any CPU
		{453FB5DB-99DC-42D3-9DFE-F81EDF98F5E3}.Debug|Any CPU.ActiveCfg = Debug|Any CPU
		{453FB5DB-99DC-42D3-9DFE-F81EDF98F5E3}.Debug|Any CPU.Build.0 = Debug|Any CPU
		{453FB5DB-99DC-42D3-9DFE-F81EDF98F5E3}.Release|Any CPU.ActiveCfg = Release|Any CPU
		{453FB5DB-99DC-42D3-9DFE-F81EDF98F5E3}.Release|Any CPU.Build.0 = Release|Any CPU
	EndGlobalSection
	GlobalSection(SolutionProperties) = preSolution
		HideSolutionNode = FALSE
	EndGlobalSection
EndGlobal
